// !$*UTF8*$!
{
	archiveVersion = 1;
	classes = {
	};
	objectVersion = 46;
	objects = {

/* Begin PBXBuildFile section */
		07F229D5170190F400A91D95 /* UIKit.framework in Frameworks */ = {isa = PBXBuildFile; fileRef = 07F229D4170190F400A91D95 /* UIKit.framework */; };
		07F229D7170190F400A91D95 /* Foundation.framework in Frameworks */ = {isa = PBXBuildFile; fileRef = 07F229D6170190F400A91D95 /* Foundation.framework */; };
		07F229D9170190F400A91D95 /* CoreGraphics.framework in Frameworks */ = {isa = PBXBuildFile; fileRef = 07F229D8170190F400A91D95 /* CoreGraphics.framework */; };
		07F229DF170190F400A91D95 /* InfoPlist.strings in Resources */ = {isa = PBXBuildFile; fileRef = 07F229DD170190F400A91D95 /* InfoPlist.strings */; };
		07F229E1170190F400A91D95 /* main.m in Sources */ = {isa = PBXBuildFile; fileRef = 07F229E0170190F400A91D95 /* main.m */; };
		07F229E5170190F400A91D95 /* JDGAppDelegate.m in Sources */ = {isa = PBXBuildFile; fileRef = 07F229E4170190F400A91D95 /* JDGAppDelegate.m */; };
		07F229E7170190F400A91D95 /* Default.png in Resources */ = {isa = PBXBuildFile; fileRef = 07F229E6170190F400A91D95 /* Default.png */; };
		07F229E9170190F400A91D95 /* Default@2x.png in Resources */ = {isa = PBXBuildFile; fileRef = 07F229E8170190F400A91D95 /* Default@2x.png */; };
		07F229EB170190F400A91D95 /* Default-568h@2x.png in Resources */ = {isa = PBXBuildFile; fileRef = 07F229EA170190F400A91D95 /* Default-568h@2x.png */; };
		07F229EE170190F400A91D95 /* MainStoryboard.storyboard in Resources */ = {isa = PBXBuildFile; fileRef = 07F229EC170190F400A91D95 /* MainStoryboard.storyboard */; };
		07F229F1170190F400A91D95 /* JDGViewController.m in Sources */ = {isa = PBXBuildFile; fileRef = 07F229F0170190F400A91D95 /* JDGViewController.m */; };
		07F229F91701919700A91D95 /* Interpreter.cpp in Sources */ = {isa = PBXBuildFile; fileRef = 07F229F71701919700A91D95 /* Interpreter.cpp */; };
		07F229FC170191AC00A91D95 /* Context.cpp in Sources */ = {isa = PBXBuildFile; fileRef = 07F229FA170191AC00A91D95 /* Context.cpp */; };
/* End PBXBuildFile section */

/* Begin PBXFileReference section */
		07F229D1170190F400A91D95 /* Interpreter.app */ = {isa = PBXFileReference; explicitFileType = wrapper.application; includeInIndex = 0; path = Interpreter.app; sourceTree = BUILT_PRODUCTS_DIR; };
		07F229D4170190F400A91D95 /* UIKit.framework */ = {isa = PBXFileReference; lastKnownFileType = wrapper.framework; name = UIKit.framework; path = System/Library/Frameworks/UIKit.framework; sourceTree = SDKROOT; };
		07F229D6170190F400A91D95 /* Foundation.framework */ = {isa = PBXFileReference; lastKnownFileType = wrapper.framework; name = Foundation.framework; path = System/Library/Frameworks/Foundation.framework; sourceTree = SDKROOT; };
		07F229D8170190F400A91D95 /* CoreGraphics.framework */ = {isa = PBXFileReference; lastKnownFileType = wrapper.framework; name = CoreGraphics.framework; path = System/Library/Frameworks/CoreGraphics.framework; sourceTree = SDKROOT; };
		07F229DC170190F400A91D95 /* Interpreter-Info.plist */ = {isa = PBXFileReference; lastKnownFileType = text.plist.xml; path = "Interpreter-Info.plist"; sourceTree = "<group>"; };
		07F229DE170190F400A91D95 /* en */ = {isa = PBXFileReference; lastKnownFileType = text.plist.strings; name = en; path = en.lproj/InfoPlist.strings; sourceTree = "<group>"; };
		07F229E0170190F400A91D95 /* main.m */ = {isa = PBXFileReference; lastKnownFileType = sourcecode.c.objc; path = main.m; sourceTree = "<group>"; };
		07F229E2170190F400A91D95 /* Interpreter-Prefix.pch */ = {isa = PBXFileReference; lastKnownFileType = sourcecode.c.h; path = "Interpreter-Prefix.pch"; sourceTree = "<group>"; };
		07F229E3170190F400A91D95 /* JDGAppDelegate.h */ = {isa = PBXFileReference; lastKnownFileType = sourcecode.c.h; path = JDGAppDelegate.h; sourceTree = "<group>"; };
		07F229E4170190F400A91D95 /* JDGAppDelegate.m */ = {isa = PBXFileReference; explicitFileType = sourcecode.cpp.objcpp; path = JDGAppDelegate.m; sourceTree = "<group>"; };
		07F229E6170190F400A91D95 /* Default.png */ = {isa = PBXFileReference; lastKnownFileType = image.png; path = Default.png; sourceTree = "<group>"; };
		07F229E8170190F400A91D95 /* Default@2x.png */ = {isa = PBXFileReference; lastKnownFileType = image.png; path = "Default@2x.png"; sourceTree = "<group>"; };
		07F229EA170190F400A91D95 /* Default-568h@2x.png */ = {isa = PBXFileReference; lastKnownFileType = image.png; path = "Default-568h@2x.png"; sourceTree = "<group>"; };
		07F229ED170190F400A91D95 /* en */ = {isa = PBXFileReference; lastKnownFileType = file.storyboard; name = en; path = en.lproj/MainStoryboard.storyboard; sourceTree = "<group>"; };
		07F229EF170190F400A91D95 /* JDGViewController.h */ = {isa = PBXFileReference; lastKnownFileType = sourcecode.c.h; path = JDGViewController.h; sourceTree = "<group>"; };
		07F229F0170190F400A91D95 /* JDGViewController.m */ = {isa = PBXFileReference; lastKnownFileType = sourcecode.c.objc; path = JDGViewController.m; sourceTree = "<group>"; };
		07F229F71701919700A91D95 /* Interpreter.cpp */ = {isa = PBXFileReference; fileEncoding = 4; lastKnownFileType = sourcecode.cpp.cpp; path = Interpreter.cpp; sourceTree = "<group>"; };
		07F229F81701919700A91D95 /* Interpreter.h */ = {isa = PBXFileReference; fileEncoding = 4; lastKnownFileType = sourcecode.c.h; path = Interpreter.h; sourceTree = "<group>"; };
		07F229FA170191AC00A91D95 /* Context.cpp */ = {isa = PBXFileReference; fileEncoding = 4; lastKnownFileType = sourcecode.cpp.cpp; path = Context.cpp; sourceTree = "<group>"; };
		07F229FB170191AC00A91D95 /* Context.h */ = {isa = PBXFileReference; fileEncoding = 4; lastKnownFileType = sourcecode.c.h; path = Context.h; sourceTree = "<group>"; };
/* End PBXFileReference section */

/* Begin PBXFrameworksBuildPhase section */
		07F229CE170190F400A91D95 /* Frameworks */ = {
			isa = PBXFrameworksBuildPhase;
			buildActionMask = 2147483647;
			files = (
				07F229D5170190F400A91D95 /* UIKit.framework in Frameworks */,
				07F229D7170190F400A91D95 /* Foundation.framework in Frameworks */,
				07F229D9170190F400A91D95 /* CoreGraphics.framework in Frameworks */,
			);
			runOnlyForDeploymentPostprocessing = 0;
		};
/* End PBXFrameworksBuildPhase section */

/* Begin PBXGroup section */
		07F229C8170190F400A91D95 = {
			isa = PBXGroup;
			children = (
				07F229DA170190F400A91D95 /* Interpreter */,
				07F229D3170190F400A91D95 /* Frameworks */,
				07F229D2170190F400A91D95 /* Products */,
			);
			sourceTree = "<group>";
		};
		07F229D2170190F400A91D95 /* Products */ = {
			isa = PBXGroup;
			children = (
				07F229D1170190F400A91D95 /* Interpreter.app */,
			);
			name = Products;
			sourceTree = "<group>";
		};
		07F229D3170190F400A91D95 /* Frameworks */ = {
			isa = PBXGroup;
			children = (
				07F229D4170190F400A91D95 /* UIKit.framework */,
				07F229D6170190F400A91D95 /* Foundation.framework */,
				07F229D8170190F400A91D95 /* CoreGraphics.framework */,
			);
			name = Frameworks;
			sourceTree = "<group>";
		};
		07F229DA170190F400A91D95 /* Interpreter */ = {
			isa = PBXGroup;
			children = (
				07F229E3170190F400A91D95 /* JDGAppDelegate.h */,
				07F229E4170190F400A91D95 /* JDGAppDelegate.m */,
				07F229EC170190F400A91D95 /* MainStoryboard.storyboard */,
				07F229EF170190F400A91D95 /* JDGViewController.h */,
				07F229F0170190F400A91D95 /* JDGViewController.m */,
				07F229DB170190F400A91D95 /* Supporting Files */,
				07F229F71701919700A91D95 /* Interpreter.cpp */,
				07F229F81701919700A91D95 /* Interpreter.h */,
				07F229FA170191AC00A91D95 /* Context.cpp */,
				07F229FB170191AC00A91D95 /* Context.h */,
			);
			path = Interpreter;
			sourceTree = "<group>";
		};
		07F229DB170190F400A91D95 /* Supporting Files */ = {
			isa = PBXGroup;
			children = (
				07F229DC170190F400A91D95 /* Interpreter-Info.plist */,
				07F229DD170190F400A91D95 /* InfoPlist.strings */,
				07F229E0170190F400A91D95 /* main.m */,
				07F229E2170190F400A91D95 /* Interpreter-Prefix.pch */,
				07F229E6170190F400A91D95 /* Default.png */,
				07F229E8170190F400A91D95 /* Default@2x.png */,
				07F229EA170190F400A91D95 /* Default-568h@2x.png */,
			);
			name = "Supporting Files";
			sourceTree = "<group>";
		};
/* End PBXGroup section */

/* Begin PBXNativeTarget section */
		07F229D0170190F400A91D95 /* Interpreter */ = {
			isa = PBXNativeTarget;
			buildConfigurationList = 07F229F4170190F400A91D95 /* Build configuration list for PBXNativeTarget "Interpreter" */;
			buildPhases = (
				07F229CD170190F400A91D95 /* Sources */,
				07F229CE170190F400A91D95 /* Frameworks */,
				07F229CF170190F400A91D95 /* Resources */,
			);
			buildRules = (
			);
			dependencies = (
			);
			name = Interpreter;
			productName = Interpreter;
			productReference = 07F229D1170190F400A91D95 /* Interpreter.app */;
			productType = "com.apple.product-type.application";
		};
/* End PBXNativeTarget section */

/* Begin PBXProject section */
		07F229C9170190F400A91D95 /* Project object */ = {
			isa = PBXProject;
			attributes = {
				CLASSPREFIX = JDG;
				LastUpgradeCheck = 0460;
				ORGANIZATIONNAME = zdsoft;
			};
			buildConfigurationList = 07F229CC170190F400A91D95 /* Build configuration list for PBXProject "Interpreter" */;
			compatibilityVersion = "Xcode 3.2";
			developmentRegion = English;
			hasScannedForEncodings = 0;
			knownRegions = (
				en,
			);
			mainGroup = 07F229C8170190F400A91D95;
			productRefGroup = 07F229D2170190F400A91D95 /* Products */;
			projectDirPath = "";
			projectRoot = "";
			targets = (
				07F229D0170190F400A91D95 /* Interpreter */,
			);
		};
/* End PBXProject section */

/* Begin PBXResourcesBuildPhase section */
		07F229CF170190F400A91D95 /* Resources */ = {
			isa = PBXResourcesBuildPhase;
			buildActionMask = 2147483647;
			files = (
				07F229DF170190F400A91D95 /* InfoPlist.strings in Resources */,
				07F229E7170190F400A91D95 /* Default.png in Resources */,
				07F229E9170190F400A91D95 /* Default@2x.png in Resources */,
				07F229EB170190F400A91D95 /* Default-568h@2x.png in Resources */,
				07F229EE170190F400A91D95 /* MainStoryboard.storyboard in Resources */,
			);
			runOnlyForDeploymentPostprocessing = 0;
		};
/* End PBXResourcesBuildPhase section */

/* Begin PBXSourcesBuildPhase section */
		07F229CD170190F400A91D95 /* Sources */ = {
			isa = PBXSourcesBuildPhase;
			buildActionMask = 2147483647;
			files = (
				07F229E1170190F400A91D95 /* main.m in Sources */,
				07F229E5170190F400A91D95 /* JDGAppDelegate.m in Sources */,
				07F229F1170190F400A91D95 /* JDGViewController.m in Sources */,
				07F229F91701919700A91D95 /* Interpreter.cpp in Sources */,
				07F229FC170191AC00A91D95 /* Context.cpp in Sources */,
			);
			runOnlyForDeploymentPostprocessing = 0;
		};
/* End PBXSourcesBuildPhase section */

/* Begin PBXVariantGroup section */
		07F229DD170190F400A91D95 /* InfoPlist.strings */ = {
			isa = PBXVariantGroup;
			children = (
				07F229DE170190F400A91D95 /* en */,
			);
			name = InfoPlist.strings;
			sourceTree = "<group>";
		};
		07F229EC170190F400A91D95 /* MainStoryboard.storyboard */ = {
			isa = PBXVariantGroup;
			children = (
				07F229ED170190F400A91D95 /* en */,
			);
			name = MainStoryboard.storyboard;
			sourceTree = "<group>";
		};
/* End PBXVariantGroup section */

/* Begin XCBuildConfiguration section */
		07F229F2170190F400A91D95 /* Debug */ = {
			isa = XCBuildConfiguration;
			buildSettings = {
				ALWAYS_SEARCH_USER_PATHS = NO;
				CLANG_CXX_LANGUAGE_STANDARD = "gnu++0x";
				CLANG_CXX_LIBRARY = "libc++";
				CLANG_WARN_CONSTANT_CONVERSION = YES;
				CLANG_WARN_EMPTY_BODY = YES;
				CLANG_WARN_ENUM_CONVERSION = YES;
				CLANG_WARN_INT_CONVERSION = YES;
				CLANG_WARN__DUPLICATE_METHOD_MATCH = YES;
				"CODE_SIGN_IDENTITY[sdk=iphoneos*]" = "iPhone Developer";
				COPY_PHASE_STRIP = NO;
				GCC_C_LANGUAGE_STANDARD = gnu99;
				GCC_DYNAMIC_NO_PIC = NO;
				GCC_OPTIMIZATION_LEVEL = 0;
				GCC_PREPROCESSOR_DEFINITIONS = (
					"DEBUG=1",
					"$(inherited)",
				);
				GCC_SYMBOLS_PRIVATE_EXTERN = NO;
				GCC_WARN_ABOUT_RETURN_TYPE = YES;
				GCC_WARN_UNINITIALIZED_AUTOS = YES;
				GCC_WARN_UNUSED_VARIABLE = YES;
				IPHONEOS_DEPLOYMENT_TARGET = 6.1;
				ONLY_ACTIVE_ARCH = YES;
				SDKROOT = iphoneos;
			};
			name = Debug;
		};
		07F229F3170190F400A91D95 /* Release */ = {
			isa = XCBuildConfiguration;
			buildSettings = {
				ALWAYS_SEARCH_USER_PATHS = NO;
				CLANG_CXX_LANGUAGE_STANDARD = "gnu++0x";
				CLANG_CXX_LIBRARY = "libc++";
				CLANG_WARN_CONSTANT_CONVERSION = YES;
				CLANG_WARN_EMPTY_BODY = YES;
				CLANG_WARN_ENUM_CONVERSION = YES;
				CLANG_WARN_INT_CONVERSION = YES;
				CLANG_WARN__DUPLICATE_METHOD_MATCH = YES;
				"CODE_SIGN_IDENTITY[sdk=iphoneos*]" = "iPhone Developer";
				COPY_PHASE_STRIP = YES;
				GCC_C_LANGUAGE_STANDARD = gnu99;
				GCC_WARN_ABOUT_RETURN_TYPE = YES;
				GCC_WARN_UNINITIALIZED_AUTOS = YES;
				GCC_WARN_UNUSED_VARIABLE = YES;
				IPHONEOS_DEPLOYMENT_TARGET = 6.1;
				OTHER_CFLAGS = "-DNS_BLOCK_ASSERTIONS=1";
				SDKROOT = iphoneos;
				VALIDATE_PRODUCT = YES;
			};
			name = Release;
		};
		07F229F5170190F400A91D95 /* Debug */ = {
			isa = XCBuildConfiguration;
			buildSettings = {
				GCC_PRECOMPILE_PREFIX_HEADER = YES;
				GCC_PREFIX_HEADER = "Interpreter/Interpreter-Prefix.pch";
				INFOPLIST_FILE = "Interpreter/Interpreter-Info.plist";
				PRODUCT_NAME = "$(TARGET_NAME)";
				WRAPPER_EXTENSION = app;
			};
			name = Debug;
		};
		07F229F6170190F400A91D95 /* Release */ = {
			isa = XCBuildConfiguration;
			buildSettings = {
				GCC_PRECOMPILE_PREFIX_HEADER = YES;
				GCC_PREFIX_HEADER = "Interpreter/Interpreter-Prefix.pch";
				INFOPLIST_FILE = "Interpreter/Interpreter-Info.plist";
				PRODUCT_NAME = "$(TARGET_NAME)";
				WRAPPER_EXTENSION = app;
			};
			name = Release;
		};
/* End XCBuildConfiguration section */

/* Begin XCConfigurationList section */
		07F229CC170190F400A91D95 /* Build configuration list for PBXProject "Interpreter" */ = {
			isa = XCConfigurationList;
			buildConfigurations = (
				07F229F2170190F400A91D95 /* Debug */,
				07F229F3170190F400A91D95 /* Release */,
			);
			defaultConfigurationIsVisible = 0;
			defaultConfigurationName = Release;
		};
		07F229F4170190F400A91D95 /* Build configuration list for PBXNativeTarget "Interpreter" */ = {
			isa = XCConfigurationList;
			buildConfigurations = (
				07F229F5170190F400A91D95 /* Debug */,
				07F229F6170190F400A91D95 /* Release */,
			);
			defaultConfigurationIsVisible = 0;
		};
/* End XCConfigurationList section */
	};
	rootObject = 07F229C9170190F400A91D95 /* Project object */;
}
