// !$*UTF8*$!
{
	archiveVersion = 1;
	classes = {
	};
	objectVersion = 46;
	objects = {

/* Begin PBXBuildFile section */
		07F2290017014A8D00A91D95 /* UIKit.framework in Frameworks */ = {isa = PBXBuildFile; fileRef = 07F228FF17014A8D00A91D95 /* UIKit.framework */; };
		07F2290217014A8D00A91D95 /* Foundation.framework in Frameworks */ = {isa = PBXBuildFile; fileRef = 07F2290117014A8D00A91D95 /* Foundation.framework */; };
		07F2290417014A8D00A91D95 /* CoreGraphics.framework in Frameworks */ = {isa = PBXBuildFile; fileRef = 07F2290317014A8D00A91D95 /* CoreGraphics.framework */; };
		07F2290A17014A8D00A91D95 /* InfoPlist.strings in Resources */ = {isa = PBXBuildFile; fileRef = 07F2290817014A8D00A91D95 /* InfoPlist.strings */; };
		07F2290C17014A8D00A91D95 /* main.m in Sources */ = {isa = PBXBuildFile; fileRef = 07F2290B17014A8D00A91D95 /* main.m */; };
		07F2291017014A8D00A91D95 /* JDGAppDelegate.m in Sources */ = {isa = PBXBuildFile; fileRef = 07F2290F17014A8D00A91D95 /* JDGAppDelegate.m */; };
		07F2291217014A8D00A91D95 /* Default.png in Resources */ = {isa = PBXBuildFile; fileRef = 07F2291117014A8D00A91D95 /* Default.png */; };
		07F2291417014A8E00A91D95 /* Default@2x.png in Resources */ = {isa = PBXBuildFile; fileRef = 07F2291317014A8E00A91D95 /* Default@2x.png */; };
		07F2291617014A8E00A91D95 /* Default-568h@2x.png in Resources */ = {isa = PBXBuildFile; fileRef = 07F2291517014A8E00A91D95 /* Default-568h@2x.png */; };
		07F2291917014A8E00A91D95 /* MainStoryboard.storyboard in Resources */ = {isa = PBXBuildFile; fileRef = 07F2291717014A8E00A91D95 /* MainStoryboard.storyboard */; };
		07F2291C17014A8E00A91D95 /* JDGViewController.m in Sources */ = {isa = PBXBuildFile; fileRef = 07F2291B17014A8E00A91D95 /* JDGViewController.m */; };
		07F2292417014F9600A91D95 /* Command.cpp in Sources */ = {isa = PBXBuildFile; fileRef = 07F2292217014F9600A91D95 /* Command.cpp */; };
		07F2292717014FB200A91D95 /* Reciever.cpp in Sources */ = {isa = PBXBuildFile; fileRef = 07F2292517014FB200A91D95 /* Reciever.cpp */; };
		07F2292A17014FC200A91D95 /* Invoker.cpp in Sources */ = {isa = PBXBuildFile; fileRef = 07F2292817014FC200A91D95 /* Invoker.cpp */; };
/* End PBXBuildFile section */

/* Begin PBXFileReference section */
		07F228FC17014A8D00A91D95 /* Command.app */ = {isa = PBXFileReference; explicitFileType = wrapper.application; includeInIndex = 0; path = Command.app; sourceTree = BUILT_PRODUCTS_DIR; };
		07F228FF17014A8D00A91D95 /* UIKit.framework */ = {isa = PBXFileReference; lastKnownFileType = wrapper.framework; name = UIKit.framework; path = System/Library/Frameworks/UIKit.framework; sourceTree = SDKROOT; };
		07F2290117014A8D00A91D95 /* Foundation.framework */ = {isa = PBXFileReference; lastKnownFileType = wrapper.framework; name = Foundation.framework; path = System/Library/Frameworks/Foundation.framework; sourceTree = SDKROOT; };
		07F2290317014A8D00A91D95 /* CoreGraphics.framework */ = {isa = PBXFileReference; lastKnownFileType = wrapper.framework; name = CoreGraphics.framework; path = System/Library/Frameworks/CoreGraphics.framework; sourceTree = SDKROOT; };
		07F2290717014A8D00A91D95 /* Command-Info.plist */ = {isa = PBXFileReference; lastKnownFileType = text.plist.xml; path = "Command-Info.plist"; sourceTree = "<group>"; };
		07F2290917014A8D00A91D95 /* en */ = {isa = PBXFileReference; lastKnownFileType = text.plist.strings; name = en; path = en.lproj/InfoPlist.strings; sourceTree = "<group>"; };
		07F2290B17014A8D00A91D95 /* main.m */ = {isa = PBXFileReference; lastKnownFileType = sourcecode.c.objc; path = main.m; sourceTree = "<group>"; };
		07F2290D17014A8D00A91D95 /* Command-Prefix.pch */ = {isa = PBXFileReference; lastKnownFileType = sourcecode.c.h; path = "Command-Prefix.pch"; sourceTree = "<group>"; };
		07F2290E17014A8D00A91D95 /* JDGAppDelegate.h */ = {isa = PBXFileReference; lastKnownFileType = sourcecode.c.h; path = JDGAppDelegate.h; sourceTree = "<group>"; };
		07F2290F17014A8D00A91D95 /* JDGAppDelegate.m */ = {isa = PBXFileReference; explicitFileType = sourcecode.cpp.objcpp; path = JDGAppDelegate.m; sourceTree = "<group>"; };
		07F2291117014A8D00A91D95 /* Default.png */ = {isa = PBXFileReference; lastKnownFileType = image.png; path = Default.png; sourceTree = "<group>"; };
		07F2291317014A8E00A91D95 /* Default@2x.png */ = {isa = PBXFileReference; lastKnownFileType = image.png; path = "Default@2x.png"; sourceTree = "<group>"; };
		07F2291517014A8E00A91D95 /* Default-568h@2x.png */ = {isa = PBXFileReference; lastKnownFileType = image.png; path = "Default-568h@2x.png"; sourceTree = "<group>"; };
		07F2291817014A8E00A91D95 /* en */ = {isa = PBXFileReference; lastKnownFileType = file.storyboard; name = en; path = en.lproj/MainStoryboard.storyboard; sourceTree = "<group>"; };
		07F2291A17014A8E00A91D95 /* JDGViewController.h */ = {isa = PBXFileReference; lastKnownFileType = sourcecode.c.h; path = JDGViewController.h; sourceTree = "<group>"; };
		07F2291B17014A8E00A91D95 /* JDGViewController.m */ = {isa = PBXFileReference; lastKnownFileType = sourcecode.c.objc; path = JDGViewController.m; sourceTree = "<group>"; };
		07F2292217014F9600A91D95 /* Command.cpp */ = {isa = PBXFileReference; fileEncoding = 4; lastKnownFileType = sourcecode.cpp.cpp; path = Command.cpp; sourceTree = "<group>"; };
		07F2292317014F9600A91D95 /* Command.h */ = {isa = PBXFileReference; fileEncoding = 4; lastKnownFileType = sourcecode.c.h; path = Command.h; sourceTree = "<group>"; };
		07F2292517014FB200A91D95 /* Reciever.cpp */ = {isa = PBXFileReference; fileEncoding = 4; lastKnownFileType = sourcecode.cpp.cpp; path = Reciever.cpp; sourceTree = "<group>"; };
		07F2292617014FB200A91D95 /* Reciever.h */ = {isa = PBXFileReference; fileEncoding = 4; lastKnownFileType = sourcecode.c.h; path = Reciever.h; sourceTree = "<group>"; };
		07F2292817014FC200A91D95 /* Invoker.cpp */ = {isa = PBXFileReference; fileEncoding = 4; lastKnownFileType = sourcecode.cpp.cpp; path = Invoker.cpp; sourceTree = "<group>"; };
		07F2292917014FC200A91D95 /* Invoker.h */ = {isa = PBXFileReference; fileEncoding = 4; lastKnownFileType = sourcecode.c.h; path = Invoker.h; sourceTree = "<group>"; };
/* End PBXFileReference section */

/* Begin PBXFrameworksBuildPhase section */
		07F228F917014A8D00A91D95 /* Frameworks */ = {
			isa = PBXFrameworksBuildPhase;
			buildActionMask = 2147483647;
			files = (
				07F2290017014A8D00A91D95 /* UIKit.framework in Frameworks */,
				07F2290217014A8D00A91D95 /* Foundation.framework in Frameworks */,
				07F2290417014A8D00A91D95 /* CoreGraphics.framework in Frameworks */,
			);
			runOnlyForDeploymentPostprocessing = 0;
		};
/* End PBXFrameworksBuildPhase section */

/* Begin PBXGroup section */
		07F228F317014A8D00A91D95 = {
			isa = PBXGroup;
			children = (
				07F2290517014A8D00A91D95 /* Command */,
				07F228FE17014A8D00A91D95 /* Frameworks */,
				07F228FD17014A8D00A91D95 /* Products */,
			);
			sourceTree = "<group>";
		};
		07F228FD17014A8D00A91D95 /* Products */ = {
			isa = PBXGroup;
			children = (
				07F228FC17014A8D00A91D95 /* Command.app */,
			);
			name = Products;
			sourceTree = "<group>";
		};
		07F228FE17014A8D00A91D95 /* Frameworks */ = {
			isa = PBXGroup;
			children = (
				07F228FF17014A8D00A91D95 /* UIKit.framework */,
				07F2290117014A8D00A91D95 /* Foundation.framework */,
				07F2290317014A8D00A91D95 /* CoreGraphics.framework */,
			);
			name = Frameworks;
			sourceTree = "<group>";
		};
		07F2290517014A8D00A91D95 /* Command */ = {
			isa = PBXGroup;
			children = (
				07F2290E17014A8D00A91D95 /* JDGAppDelegate.h */,
				07F2290F17014A8D00A91D95 /* JDGAppDelegate.m */,
				07F2291717014A8E00A91D95 /* MainStoryboard.storyboard */,
				07F2291A17014A8E00A91D95 /* JDGViewController.h */,
				07F2291B17014A8E00A91D95 /* JDGViewController.m */,
				07F2290617014A8D00A91D95 /* Supporting Files */,
				07F2292217014F9600A91D95 /* Command.cpp */,
				07F2292317014F9600A91D95 /* Command.h */,
				07F2292517014FB200A91D95 /* Reciever.cpp */,
				07F2292617014FB200A91D95 /* Reciever.h */,
				07F2292817014FC200A91D95 /* Invoker.cpp */,
				07F2292917014FC200A91D95 /* Invoker.h */,
			);
			path = Command;
			sourceTree = "<group>";
		};
		07F2290617014A8D00A91D95 /* Supporting Files */ = {
			isa = PBXGroup;
			children = (
				07F2290717014A8D00A91D95 /* Command-Info.plist */,
				07F2290817014A8D00A91D95 /* InfoPlist.strings */,
				07F2290B17014A8D00A91D95 /* main.m */,
				07F2290D17014A8D00A91D95 /* Command-Prefix.pch */,
				07F2291117014A8D00A91D95 /* Default.png */,
				07F2291317014A8E00A91D95 /* Default@2x.png */,
				07F2291517014A8E00A91D95 /* Default-568h@2x.png */,
			);
			name = "Supporting Files";
			sourceTree = "<group>";
		};
/* End PBXGroup section */

/* Begin PBXNativeTarget section */
		07F228FB17014A8D00A91D95 /* Command */ = {
			isa = PBXNativeTarget;
			buildConfigurationList = 07F2291F17014A8E00A91D95 /* Build configuration list for PBXNativeTarget "Command" */;
			buildPhases = (
				07F228F817014A8D00A91D95 /* Sources */,
				07F228F917014A8D00A91D95 /* Frameworks */,
				07F228FA17014A8D00A91D95 /* Resources */,
			);
			buildRules = (
			);
			dependencies = (
			);
			name = Command;
			productName = Command;
			productReference = 07F228FC17014A8D00A91D95 /* Command.app */;
			productType = "com.apple.product-type.application";
		};
/* End PBXNativeTarget section */

/* Begin PBXProject section */
		07F228F417014A8D00A91D95 /* Project object */ = {
			isa = PBXProject;
			attributes = {
				CLASSPREFIX = JDG;
				LastUpgradeCheck = 0460;
				ORGANIZATIONNAME = zdsoft;
			};
			buildConfigurationList = 07F228F717014A8D00A91D95 /* Build configuration list for PBXProject "Command" */;
			compatibilityVersion = "Xcode 3.2";
			developmentRegion = English;
			hasScannedForEncodings = 0;
			knownRegions = (
				en,
			);
			mainGroup = 07F228F317014A8D00A91D95;
			productRefGroup = 07F228FD17014A8D00A91D95 /* Products */;
			projectDirPath = "";
			projectRoot = "";
			targets = (
				07F228FB17014A8D00A91D95 /* Command */,
			);
		};
/* End PBXProject section */

/* Begin PBXResourcesBuildPhase section */
		07F228FA17014A8D00A91D95 /* Resources */ = {
			isa = PBXResourcesBuildPhase;
			buildActionMask = 2147483647;
			files = (
				07F2290A17014A8D00A91D95 /* InfoPlist.strings in Resources */,
				07F2291217014A8D00A91D95 /* Default.png in Resources */,
				07F2291417014A8E00A91D95 /* Default@2x.png in Resources */,
				07F2291617014A8E00A91D95 /* Default-568h@2x.png in Resources */,
				07F2291917014A8E00A91D95 /* MainStoryboard.storyboard in Resources */,
			);
			runOnlyForDeploymentPostprocessing = 0;
		};
/* End PBXResourcesBuildPhase section */

/* Begin PBXSourcesBuildPhase section */
		07F228F817014A8D00A91D95 /* Sources */ = {
			isa = PBXSourcesBuildPhase;
			buildActionMask = 2147483647;
			files = (
				07F2290C17014A8D00A91D95 /* main.m in Sources */,
				07F2291017014A8D00A91D95 /* JDGAppDelegate.m in Sources */,
				07F2291C17014A8E00A91D95 /* JDGViewController.m in Sources */,
				07F2292417014F9600A91D95 /* Command.cpp in Sources */,
				07F2292717014FB200A91D95 /* Reciever.cpp in Sources */,
				07F2292A17014FC200A91D95 /* Invoker.cpp in Sources */,
			);
			runOnlyForDeploymentPostprocessing = 0;
		};
/* End PBXSourcesBuildPhase section */

/* Begin PBXVariantGroup section */
		07F2290817014A8D00A91D95 /* InfoPlist.strings */ = {
			isa = PBXVariantGroup;
			children = (
				07F2290917014A8D00A91D95 /* en */,
			);
			name = InfoPlist.strings;
			sourceTree = "<group>";
		};
		07F2291717014A8E00A91D95 /* MainStoryboard.storyboard */ = {
			isa = PBXVariantGroup;
			children = (
				07F2291817014A8E00A91D95 /* en */,
			);
			name = MainStoryboard.storyboard;
			sourceTree = "<group>";
		};
/* End PBXVariantGroup section */

/* Begin XCBuildConfiguration section */
		07F2291D17014A8E00A91D95 /* Debug */ = {
			isa = XCBuildConfiguration;
			buildSettings = {
				ALWAYS_SEARCH_USER_PATHS = NO;
				CLANG_CXX_LANGUAGE_STANDARD = "gnu++0x";
				CLANG_CXX_LIBRARY = "libc++";
				CLANG_WARN_CONSTANT_CONVERSION = YES;
				CLANG_WARN_EMPTY_BODY = YES;
				CLANG_WARN_ENUM_CONVERSION = YES;
				CLANG_WARN_INT_CONVERSION = YES;
				CLANG_WARN__DUPLICATE_METHOD_MATCH = YES;
				"CODE_SIGN_IDENTITY[sdk=iphoneos*]" = "iPhone Developer";
				COPY_PHASE_STRIP = NO;
				GCC_C_LANGUAGE_STANDARD = gnu99;
				GCC_DYNAMIC_NO_PIC = NO;
				GCC_OPTIMIZATION_LEVEL = 0;
				GCC_PREPROCESSOR_DEFINITIONS = (
					"DEBUG=1",
					"$(inherited)",
				);
				GCC_SYMBOLS_PRIVATE_EXTERN = NO;
				GCC_WARN_ABOUT_RETURN_TYPE = YES;
				GCC_WARN_UNINITIALIZED_AUTOS = YES;
				GCC_WARN_UNUSED_VARIABLE = YES;
				IPHONEOS_DEPLOYMENT_TARGET = 6.1;
				ONLY_ACTIVE_ARCH = YES;
				SDKROOT = iphoneos;
			};
			name = Debug;
		};
		07F2291E17014A8E00A91D95 /* Release */ = {
			isa = XCBuildConfiguration;
			buildSettings = {
				ALWAYS_SEARCH_USER_PATHS = NO;
				CLANG_CXX_LANGUAGE_STANDARD = "gnu++0x";
				CLANG_CXX_LIBRARY = "libc++";
				CLANG_WARN_CONSTANT_CONVERSION = YES;
				CLANG_WARN_EMPTY_BODY = YES;
				CLANG_WARN_ENUM_CONVERSION = YES;
				CLANG_WARN_INT_CONVERSION = YES;
				CLANG_WARN__DUPLICATE_METHOD_MATCH = YES;
				"CODE_SIGN_IDENTITY[sdk=iphoneos*]" = "iPhone Developer";
				COPY_PHASE_STRIP = YES;
				GCC_C_LANGUAGE_STANDARD = gnu99;
				GCC_WARN_ABOUT_RETURN_TYPE = YES;
				GCC_WARN_UNINITIALIZED_AUTOS = YES;
				GCC_WARN_UNUSED_VARIABLE = YES;
				IPHONEOS_DEPLOYMENT_TARGET = 6.1;
				OTHER_CFLAGS = "-DNS_BLOCK_ASSERTIONS=1";
				SDKROOT = iphoneos;
				VALIDATE_PRODUCT = YES;
			};
			name = Release;
		};
		07F2292017014A8E00A91D95 /* Debug */ = {
			isa = XCBuildConfiguration;
			buildSettings = {
				GCC_PRECOMPILE_PREFIX_HEADER = YES;
				GCC_PREFIX_HEADER = "Command/Command-Prefix.pch";
				INFOPLIST_FILE = "Command/Command-Info.plist";
				PRODUCT_NAME = "$(TARGET_NAME)";
				WRAPPER_EXTENSION = app;
			};
			name = Debug;
		};
		07F2292117014A8E00A91D95 /* Release */ = {
			isa = XCBuildConfiguration;
			buildSettings = {
				GCC_PRECOMPILE_PREFIX_HEADER = YES;
				GCC_PREFIX_HEADER = "Command/Command-Prefix.pch";
				INFOPLIST_FILE = "Command/Command-Info.plist";
				PRODUCT_NAME = "$(TARGET_NAME)";
				WRAPPER_EXTENSION = app;
			};
			name = Release;
		};
/* End XCBuildConfiguration section */

/* Begin XCConfigurationList section */
		07F228F717014A8D00A91D95 /* Build configuration list for PBXProject "Command" */ = {
			isa = XCConfigurationList;
			buildConfigurations = (
				07F2291D17014A8E00A91D95 /* Debug */,
				07F2291E17014A8E00A91D95 /* Release */,
			);
			defaultConfigurationIsVisible = 0;
			defaultConfigurationName = Release;
		};
		07F2291F17014A8E00A91D95 /* Build configuration list for PBXNativeTarget "Command" */ = {
			isa = XCConfigurationList;
			buildConfigurations = (
				07F2292017014A8E00A91D95 /* Debug */,
				07F2292117014A8E00A91D95 /* Release */,
			);
			defaultConfigurationIsVisible = 0;
		};
/* End XCConfigurationList section */
	};
	rootObject = 07F228F417014A8D00A91D95 /* Project object */;
}
