// !$*UTF8*$!
{
	archiveVersion = 1;
	classes = {
	};
	objectVersion = 46;
	objects = {

/* Begin PBXBuildFile section */
		07F22864170137AF00A91D95 /* UIKit.framework in Frameworks */ = {isa = PBXBuildFile; fileRef = 07F22863170137AF00A91D95 /* UIKit.framework */; };
		07F22866170137AF00A91D95 /* Foundation.framework in Frameworks */ = {isa = PBXBuildFile; fileRef = 07F22865170137AF00A91D95 /* Foundation.framework */; };
		07F22868170137AF00A91D95 /* CoreGraphics.framework in Frameworks */ = {isa = PBXBuildFile; fileRef = 07F22867170137AF00A91D95 /* CoreGraphics.framework */; };
		07F2286E170137AF00A91D95 /* InfoPlist.strings in Resources */ = {isa = PBXBuildFile; fileRef = 07F2286C170137AF00A91D95 /* InfoPlist.strings */; };
		07F22870170137AF00A91D95 /* main.m in Sources */ = {isa = PBXBuildFile; fileRef = 07F2286F170137AF00A91D95 /* main.m */; };
		07F22874170137AF00A91D95 /* JDGAppDelegate.m in Sources */ = {isa = PBXBuildFile; fileRef = 07F22873170137AF00A91D95 /* JDGAppDelegate.m */; };
		07F22876170137AF00A91D95 /* Default.png in Resources */ = {isa = PBXBuildFile; fileRef = 07F22875170137AF00A91D95 /* Default.png */; };
		07F22878170137AF00A91D95 /* Default@2x.png in Resources */ = {isa = PBXBuildFile; fileRef = 07F22877170137AF00A91D95 /* Default@2x.png */; };
		07F2287A170137AF00A91D95 /* Default-568h@2x.png in Resources */ = {isa = PBXBuildFile; fileRef = 07F22879170137AF00A91D95 /* Default-568h@2x.png */; };
		07F2287D170137AF00A91D95 /* MainStoryboard.storyboard in Resources */ = {isa = PBXBuildFile; fileRef = 07F2287B170137AF00A91D95 /* MainStoryboard.storyboard */; };
		07F22880170137AF00A91D95 /* JDGViewController.m in Sources */ = {isa = PBXBuildFile; fileRef = 07F2287F170137AF00A91D95 /* JDGViewController.m */; };
		07F22888170137DA00A91D95 /* Observer.cpp in Sources */ = {isa = PBXBuildFile; fileRef = 07F22886170137DA00A91D95 /* Observer.cpp */; };
		07F2288B170137F300A91D95 /* Subject.cpp in Sources */ = {isa = PBXBuildFile; fileRef = 07F22889170137F300A91D95 /* Subject.cpp */; };
/* End PBXBuildFile section */

/* Begin PBXFileReference section */
		07F22860170137AF00A91D95 /* Observer.app */ = {isa = PBXFileReference; explicitFileType = wrapper.application; includeInIndex = 0; path = Observer.app; sourceTree = BUILT_PRODUCTS_DIR; };
		07F22863170137AF00A91D95 /* UIKit.framework */ = {isa = PBXFileReference; lastKnownFileType = wrapper.framework; name = UIKit.framework; path = System/Library/Frameworks/UIKit.framework; sourceTree = SDKROOT; };
		07F22865170137AF00A91D95 /* Foundation.framework */ = {isa = PBXFileReference; lastKnownFileType = wrapper.framework; name = Foundation.framework; path = System/Library/Frameworks/Foundation.framework; sourceTree = SDKROOT; };
		07F22867170137AF00A91D95 /* CoreGraphics.framework */ = {isa = PBXFileReference; lastKnownFileType = wrapper.framework; name = CoreGraphics.framework; path = System/Library/Frameworks/CoreGraphics.framework; sourceTree = SDKROOT; };
		07F2286B170137AF00A91D95 /* Observer-Info.plist */ = {isa = PBXFileReference; lastKnownFileType = text.plist.xml; path = "Observer-Info.plist"; sourceTree = "<group>"; };
		07F2286D170137AF00A91D95 /* en */ = {isa = PBXFileReference; lastKnownFileType = text.plist.strings; name = en; path = en.lproj/InfoPlist.strings; sourceTree = "<group>"; };
		07F2286F170137AF00A91D95 /* main.m */ = {isa = PBXFileReference; lastKnownFileType = sourcecode.c.objc; path = main.m; sourceTree = "<group>"; };
		07F22871170137AF00A91D95 /* Observer-Prefix.pch */ = {isa = PBXFileReference; lastKnownFileType = sourcecode.c.h; path = "Observer-Prefix.pch"; sourceTree = "<group>"; };
		07F22872170137AF00A91D95 /* JDGAppDelegate.h */ = {isa = PBXFileReference; lastKnownFileType = sourcecode.c.h; path = JDGAppDelegate.h; sourceTree = "<group>"; };
		07F22873170137AF00A91D95 /* JDGAppDelegate.m */ = {isa = PBXFileReference; explicitFileType = sourcecode.cpp.objcpp; path = JDGAppDelegate.m; sourceTree = "<group>"; };
		07F22875170137AF00A91D95 /* Default.png */ = {isa = PBXFileReference; lastKnownFileType = image.png; path = Default.png; sourceTree = "<group>"; };
		07F22877170137AF00A91D95 /* Default@2x.png */ = {isa = PBXFileReference; lastKnownFileType = image.png; path = "Default@2x.png"; sourceTree = "<group>"; };
		07F22879170137AF00A91D95 /* Default-568h@2x.png */ = {isa = PBXFileReference; lastKnownFileType = image.png; path = "Default-568h@2x.png"; sourceTree = "<group>"; };
		07F2287C170137AF00A91D95 /* en */ = {isa = PBXFileReference; lastKnownFileType = file.storyboard; name = en; path = en.lproj/MainStoryboard.storyboard; sourceTree = "<group>"; };
		07F2287E170137AF00A91D95 /* JDGViewController.h */ = {isa = PBXFileReference; lastKnownFileType = sourcecode.c.h; path = JDGViewController.h; sourceTree = "<group>"; };
		07F2287F170137AF00A91D95 /* JDGViewController.m */ = {isa = PBXFileReference; lastKnownFileType = sourcecode.c.objc; path = JDGViewController.m; sourceTree = "<group>"; };
		07F22886170137DA00A91D95 /* Observer.cpp */ = {isa = PBXFileReference; fileEncoding = 4; lastKnownFileType = sourcecode.cpp.cpp; path = Observer.cpp; sourceTree = "<group>"; };
		07F22887170137DA00A91D95 /* Observer.h */ = {isa = PBXFileReference; fileEncoding = 4; lastKnownFileType = sourcecode.c.h; path = Observer.h; sourceTree = "<group>"; };
		07F22889170137F300A91D95 /* Subject.cpp */ = {isa = PBXFileReference; fileEncoding = 4; lastKnownFileType = sourcecode.cpp.cpp; path = Subject.cpp; sourceTree = "<group>"; };
		07F2288A170137F300A91D95 /* Subject.h */ = {isa = PBXFileReference; fileEncoding = 4; lastKnownFileType = sourcecode.c.h; path = Subject.h; sourceTree = "<group>"; };
/* End PBXFileReference section */

/* Begin PBXFrameworksBuildPhase section */
		07F2285D170137AF00A91D95 /* Frameworks */ = {
			isa = PBXFrameworksBuildPhase;
			buildActionMask = 2147483647;
			files = (
				07F22864170137AF00A91D95 /* UIKit.framework in Frameworks */,
				07F22866170137AF00A91D95 /* Foundation.framework in Frameworks */,
				07F22868170137AF00A91D95 /* CoreGraphics.framework in Frameworks */,
			);
			runOnlyForDeploymentPostprocessing = 0;
		};
/* End PBXFrameworksBuildPhase section */

/* Begin PBXGroup section */
		07F22857170137AF00A91D95 = {
			isa = PBXGroup;
			children = (
				07F22869170137AF00A91D95 /* Observer */,
				07F22862170137AF00A91D95 /* Frameworks */,
				07F22861170137AF00A91D95 /* Products */,
			);
			sourceTree = "<group>";
		};
		07F22861170137AF00A91D95 /* Products */ = {
			isa = PBXGroup;
			children = (
				07F22860170137AF00A91D95 /* Observer.app */,
			);
			name = Products;
			sourceTree = "<group>";
		};
		07F22862170137AF00A91D95 /* Frameworks */ = {
			isa = PBXGroup;
			children = (
				07F22863170137AF00A91D95 /* UIKit.framework */,
				07F22865170137AF00A91D95 /* Foundation.framework */,
				07F22867170137AF00A91D95 /* CoreGraphics.framework */,
			);
			name = Frameworks;
			sourceTree = "<group>";
		};
		07F22869170137AF00A91D95 /* Observer */ = {
			isa = PBXGroup;
			children = (
				07F22872170137AF00A91D95 /* JDGAppDelegate.h */,
				07F22873170137AF00A91D95 /* JDGAppDelegate.m */,
				07F2287B170137AF00A91D95 /* MainStoryboard.storyboard */,
				07F2287E170137AF00A91D95 /* JDGViewController.h */,
				07F2287F170137AF00A91D95 /* JDGViewController.m */,
				07F2286A170137AF00A91D95 /* Supporting Files */,
				07F22886170137DA00A91D95 /* Observer.cpp */,
				07F22887170137DA00A91D95 /* Observer.h */,
				07F22889170137F300A91D95 /* Subject.cpp */,
				07F2288A170137F300A91D95 /* Subject.h */,
			);
			path = Observer;
			sourceTree = "<group>";
		};
		07F2286A170137AF00A91D95 /* Supporting Files */ = {
			isa = PBXGroup;
			children = (
				07F2286B170137AF00A91D95 /* Observer-Info.plist */,
				07F2286C170137AF00A91D95 /* InfoPlist.strings */,
				07F2286F170137AF00A91D95 /* main.m */,
				07F22871170137AF00A91D95 /* Observer-Prefix.pch */,
				07F22875170137AF00A91D95 /* Default.png */,
				07F22877170137AF00A91D95 /* Default@2x.png */,
				07F22879170137AF00A91D95 /* Default-568h@2x.png */,
			);
			name = "Supporting Files";
			sourceTree = "<group>";
		};
/* End PBXGroup section */

/* Begin PBXNativeTarget section */
		07F2285F170137AF00A91D95 /* Observer */ = {
			isa = PBXNativeTarget;
			buildConfigurationList = 07F22883170137AF00A91D95 /* Build configuration list for PBXNativeTarget "Observer" */;
			buildPhases = (
				07F2285C170137AF00A91D95 /* Sources */,
				07F2285D170137AF00A91D95 /* Frameworks */,
				07F2285E170137AF00A91D95 /* Resources */,
			);
			buildRules = (
			);
			dependencies = (
			);
			name = Observer;
			productName = Observer;
			productReference = 07F22860170137AF00A91D95 /* Observer.app */;
			productType = "com.apple.product-type.application";
		};
/* End PBXNativeTarget section */

/* Begin PBXProject section */
		07F22858170137AF00A91D95 /* Project object */ = {
			isa = PBXProject;
			attributes = {
				CLASSPREFIX = JDG;
				LastUpgradeCheck = 0460;
				ORGANIZATIONNAME = zdsoft;
			};
			buildConfigurationList = 07F2285B170137AF00A91D95 /* Build configuration list for PBXProject "Observer" */;
			compatibilityVersion = "Xcode 3.2";
			developmentRegion = English;
			hasScannedForEncodings = 0;
			knownRegions = (
				en,
			);
			mainGroup = 07F22857170137AF00A91D95;
			productRefGroup = 07F22861170137AF00A91D95 /* Products */;
			projectDirPath = "";
			projectRoot = "";
			targets = (
				07F2285F170137AF00A91D95 /* Observer */,
			);
		};
/* End PBXProject section */

/* Begin PBXResourcesBuildPhase section */
		07F2285E170137AF00A91D95 /* Resources */ = {
			isa = PBXResourcesBuildPhase;
			buildActionMask = 2147483647;
			files = (
				07F2286E170137AF00A91D95 /* InfoPlist.strings in Resources */,
				07F22876170137AF00A91D95 /* Default.png in Resources */,
				07F22878170137AF00A91D95 /* Default@2x.png in Resources */,
				07F2287A170137AF00A91D95 /* Default-568h@2x.png in Resources */,
				07F2287D170137AF00A91D95 /* MainStoryboard.storyboard in Resources */,
			);
			runOnlyForDeploymentPostprocessing = 0;
		};
/* End PBXResourcesBuildPhase section */

/* Begin PBXSourcesBuildPhase section */
		07F2285C170137AF00A91D95 /* Sources */ = {
			isa = PBXSourcesBuildPhase;
			buildActionMask = 2147483647;
			files = (
				07F22870170137AF00A91D95 /* main.m in Sources */,
				07F22874170137AF00A91D95 /* JDGAppDelegate.m in Sources */,
				07F22880170137AF00A91D95 /* JDGViewController.m in Sources */,
				07F22888170137DA00A91D95 /* Observer.cpp in Sources */,
				07F2288B170137F300A91D95 /* Subject.cpp in Sources */,
			);
			runOnlyForDeploymentPostprocessing = 0;
		};
/* End PBXSourcesBuildPhase section */

/* Begin PBXVariantGroup section */
		07F2286C170137AF00A91D95 /* InfoPlist.strings */ = {
			isa = PBXVariantGroup;
			children = (
				07F2286D170137AF00A91D95 /* en */,
			);
			name = InfoPlist.strings;
			sourceTree = "<group>";
		};
		07F2287B170137AF00A91D95 /* MainStoryboard.storyboard */ = {
			isa = PBXVariantGroup;
			children = (
				07F2287C170137AF00A91D95 /* en */,
			);
			name = MainStoryboard.storyboard;
			sourceTree = "<group>";
		};
/* End PBXVariantGroup section */

/* Begin XCBuildConfiguration section */
		07F22881170137AF00A91D95 /* Debug */ = {
			isa = XCBuildConfiguration;
			buildSettings = {
				ALWAYS_SEARCH_USER_PATHS = NO;
				CLANG_CXX_LANGUAGE_STANDARD = "gnu++0x";
				CLANG_CXX_LIBRARY = "libc++";
				CLANG_WARN_CONSTANT_CONVERSION = YES;
				CLANG_WARN_EMPTY_BODY = YES;
				CLANG_WARN_ENUM_CONVERSION = YES;
				CLANG_WARN_INT_CONVERSION = YES;
				CLANG_WARN__DUPLICATE_METHOD_MATCH = YES;
				"CODE_SIGN_IDENTITY[sdk=iphoneos*]" = "iPhone Developer";
				COPY_PHASE_STRIP = NO;
				GCC_C_LANGUAGE_STANDARD = gnu99;
				GCC_DYNAMIC_NO_PIC = NO;
				GCC_OPTIMIZATION_LEVEL = 0;
				GCC_PREPROCESSOR_DEFINITIONS = (
					"DEBUG=1",
					"$(inherited)",
				);
				GCC_SYMBOLS_PRIVATE_EXTERN = NO;
				GCC_WARN_ABOUT_RETURN_TYPE = YES;
				GCC_WARN_UNINITIALIZED_AUTOS = YES;
				GCC_WARN_UNUSED_VARIABLE = YES;
				IPHONEOS_DEPLOYMENT_TARGET = 6.1;
				ONLY_ACTIVE_ARCH = YES;
				SDKROOT = iphoneos;
			};
			name = Debug;
		};
		07F22882170137AF00A91D95 /* Release */ = {
			isa = XCBuildConfiguration;
			buildSettings = {
				ALWAYS_SEARCH_USER_PATHS = NO;
				CLANG_CXX_LANGUAGE_STANDARD = "gnu++0x";
				CLANG_CXX_LIBRARY = "libc++";
				CLANG_WARN_CONSTANT_CONVERSION = YES;
				CLANG_WARN_EMPTY_BODY = YES;
				CLANG_WARN_ENUM_CONVERSION = YES;
				CLANG_WARN_INT_CONVERSION = YES;
				CLANG_WARN__DUPLICATE_METHOD_MATCH = YES;
				"CODE_SIGN_IDENTITY[sdk=iphoneos*]" = "iPhone Developer";
				COPY_PHASE_STRIP = YES;
				GCC_C_LANGUAGE_STANDARD = gnu99;
				GCC_WARN_ABOUT_RETURN_TYPE = YES;
				GCC_WARN_UNINITIALIZED_AUTOS = YES;
				GCC_WARN_UNUSED_VARIABLE = YES;
				IPHONEOS_DEPLOYMENT_TARGET = 6.1;
				OTHER_CFLAGS = "-DNS_BLOCK_ASSERTIONS=1";
				SDKROOT = iphoneos;
				VALIDATE_PRODUCT = YES;
			};
			name = Release;
		};
		07F22884170137AF00A91D95 /* Debug */ = {
			isa = XCBuildConfiguration;
			buildSettings = {
				GCC_PRECOMPILE_PREFIX_HEADER = YES;
				GCC_PREFIX_HEADER = "Observer/Observer-Prefix.pch";
				INFOPLIST_FILE = "Observer/Observer-Info.plist";
				PRODUCT_NAME = "$(TARGET_NAME)";
				WRAPPER_EXTENSION = app;
			};
			name = Debug;
		};
		07F22885170137AF00A91D95 /* Release */ = {
			isa = XCBuildConfiguration;
			buildSettings = {
				GCC_PRECOMPILE_PREFIX_HEADER = YES;
				GCC_PREFIX_HEADER = "Observer/Observer-Prefix.pch";
				INFOPLIST_FILE = "Observer/Observer-Info.plist";
				PRODUCT_NAME = "$(TARGET_NAME)";
				WRAPPER_EXTENSION = app;
			};
			name = Release;
		};
/* End XCBuildConfiguration section */

/* Begin XCConfigurationList section */
		07F2285B170137AF00A91D95 /* Build configuration list for PBXProject "Observer" */ = {
			isa = XCConfigurationList;
			buildConfigurations = (
				07F22881170137AF00A91D95 /* Debug */,
				07F22882170137AF00A91D95 /* Release */,
			);
			defaultConfigurationIsVisible = 0;
			defaultConfigurationName = Release;
		};
		07F22883170137AF00A91D95 /* Build configuration list for PBXNativeTarget "Observer" */ = {
			isa = XCConfigurationList;
			buildConfigurations = (
				07F22884170137AF00A91D95 /* Debug */,
				07F22885170137AF00A91D95 /* Release */,
			);
			defaultConfigurationIsVisible = 0;
		};
/* End XCConfigurationList section */
	};
	rootObject = 07F22858170137AF00A91D95 /* Project object */;
}
